// !$*UTF8*$!
{
	archiveVersion = 1;
	classes = {
	};
	objectVersion = 46;
	objects = {

/* Begin PBXBuildFile section */
		8D91A6311B69E77800728A95 /* ViewController2.swift in Sources */ = {isa = PBXBuildFile; fileRef = 8D91A6301B69E77800728A95 /* ViewController2.swift */; };
		8DC997FF1B6388BF0058C829 /* AppDelegate.swift in Sources */ = {isa = PBXBuildFile; fileRef = 8DC997FE1B6388BF0058C829 /* AppDelegate.swift */; };
		8DC998011B6388BF0058C829 /* ViewController.swift in Sources */ = {isa = PBXBuildFile; fileRef = 8DC998001B6388BF0058C829 /* ViewController.swift */; };
		8DC998041B6388BF0058C829 /* Main.storyboard in Resources */ = {isa = PBXBuildFile; fileRef = 8DC998021B6388BF0058C829 /* Main.storyboard */; };
		8DC998061B6388BF0058C829 /* Images.xcassets in Resources */ = {isa = PBXBuildFile; fileRef = 8DC998051B6388BF0058C829 /* Images.xcassets */; };
		8DC998091B6388BF0058C829 /* LaunchScreen.xib in Resources */ = {isa = PBXBuildFile; fileRef = 8DC998071B6388BF0058C829 /* LaunchScreen.xib */; };
		8DC998151B6388BF0058C829 /* testProjectTests.swift in Sources */ = {isa = PBXBuildFile; fileRef = 8DC998141B6388BF0058C829 /* testProjectTests.swift */; };
/* End PBXBuildFile section */

/* Begin PBXContainerItemProxy section */
		8DC9980F1B6388BF0058C829 /* PBXContainerItemProxy */ = {
			isa = PBXContainerItemProxy;
			containerPortal = 8DC997F11B6388BF0058C829 /* Project object */;
			proxyType = 1;
			remoteGlobalIDString = 8DC997F81B6388BF0058C829;
			remoteInfo = testProject;
		};
/* End PBXContainerItemProxy section */

/* Begin PBXFileReference section */
		8D91A6301B69E77800728A95 /* ViewController2.swift */ = {isa = PBXFileReference; fileEncoding = 4; lastKnownFileType = sourcecode.swift; path = ViewController2.swift; sourceTree = "<group>"; };
		8DC997F91B6388BF0058C829 /* testProject.app */ = {isa = PBXFileReference; explicitFileType = wrapper.application; includeInIndex = 0; path = testProject.app; sourceTree = BUILT_PRODUCTS_DIR; };
		8DC997FD1B6388BF0058C829 /* Info.plist */ = {isa = PBXFileReference; lastKnownFileType = text.plist.xml; path = Info.plist; sourceTree = "<group>"; };
		8DC997FE1B6388BF0058C829 /* AppDelegate.swift */ = {isa = PBXFileReference; lastKnownFileType = sourcecode.swift; path = AppDelegate.swift; sourceTree = "<group>"; };
		8DC998001B6388BF0058C829 /* ViewController.swift */ = {isa = PBXFileReference; lastKnownFileType = sourcecode.swift; path = ViewController.swift; sourceTree = "<group>"; };
		8DC998031B6388BF0058C829 /* Base */ = {isa = PBXFileReference; lastKnownFileType = file.storyboard; name = Base; path = Base.lproj/Main.storyboard; sourceTree = "<group>"; };
		8DC998051B6388BF0058C829 /* Images.xcassets */ = {isa = PBXFileReference; lastKnownFileType = folder.assetcatalog; path = Images.xcassets; sourceTree = "<group>"; };
		8DC998081B6388BF0058C829 /* Base */ = {isa = PBXFileReference; lastKnownFileType = file.xib; name = Base; path = Base.lproj/LaunchScreen.xib; sourceTree = "<group>"; };
		8DC9980E1B6388BF0058C829 /* testProjectTests.xctest */ = {isa = PBXFileReference; explicitFileType = wrapper.cfbundle; includeInIndex = 0; path = testProjectTests.xctest; sourceTree = BUILT_PRODUCTS_DIR; };
		8DC998131B6388BF0058C829 /* Info.plist */ = {isa = PBXFileReference; lastKnownFileType = text.plist.xml; path = Info.plist; sourceTree = "<group>"; };
		8DC998141B6388BF0058C829 /* testProjectTests.swift */ = {isa = PBXFileReference; lastKnownFileType = sourcecode.swift; path = testProjectTests.swift; sourceTree = "<group>"; };
/* End PBXFileReference section */

/* Begin PBXFrameworksBuildPhase section */
		8DC997F61B6388BF0058C829 /* Frameworks */ = {
			isa = PBXFrameworksBuildPhase;
			buildActionMask = 2147483647;
			files = (
			);
			runOnlyForDeploymentPostprocessing = 0;
		};
		8DC9980B1B6388BF0058C829 /* Frameworks */ = {
			isa = PBXFrameworksBuildPhase;
			buildActionMask = 2147483647;
			files = (
			);
			runOnlyForDeploymentPostprocessing = 0;
		};
/* End PBXFrameworksBuildPhase section */

/* Begin PBXGroup section */
		8DC997F01B6388BF0058C829 = {
			isa = PBXGroup;
			children = (
				8DC997FB1B6388BF0058C829 /* testProject */,
				8DC998111B6388BF0058C829 /* testProjectTests */,
				8DC997FA1B6388BF0058C829 /* Products */,
			);
			sourceTree = "<group>";
		};
		8DC997FA1B6388BF0058C829 /* Products */ = {
			isa = PBXGroup;
			children = (
				8DC997F91B6388BF0058C829 /* testProject.app */,
				8DC9980E1B6388BF0058C829 /* testProjectTests.xctest */,
			);
			name = Products;
			sourceTree = "<group>";
		};
		8DC997FB1B6388BF0058C829 /* testProject */ = {
			isa = PBXGroup;
			children = (
				8DC997FE1B6388BF0058C829 /* AppDelegate.swift */,
				8DC998001B6388BF0058C829 /* ViewController.swift */,
				8D91A6301B69E77800728A95 /* ViewController2.swift */,
				8DC998021B6388BF0058C829 /* Main.storyboard */,
				8DC998051B6388BF0058C829 /* Images.xcassets */,
				8DC998071B6388BF0058C829 /* LaunchScreen.xib */,
				8DC997FC1B6388BF0058C829 /* Supporting Files */,
			);
			path = testProject;
			sourceTree = "<group>";
		};
		8DC997FC1B6388BF0058C829 /* Supporting Files */ = {
			isa = PBXGroup;
			children = (
				8DC997FD1B6388BF0058C829 /* Info.plist */,
			);
			name = "Supporting Files";
			sourceTree = "<group>";
		};
		8DC998111B6388BF0058C829 /* testProjectTests */ = {
			isa = PBXGroup;
			children = (
				8DC998141B6388BF0058C829 /* testProjectTests.swift */,
				8DC998121B6388BF0058C829 /* Supporting Files */,
			);
			path = testProjectTests;
			sourceTree = "<group>";
		};
		8DC998121B6388BF0058C829 /* Supporting Files */ = {
			isa = PBXGroup;
			children = (
				8DC998131B6388BF0058C829 /* Info.plist */,
			);
			name = "Supporting Files";
			sourceTree = "<group>";
		};
/* End PBXGroup section */

/* Begin PBXNativeTarget section */
		8DC997F81B6388BF0058C829 /* testProject */ = {
			isa = PBXNativeTarget;
			buildConfigurationList = 8DC998181B6388BF0058C829 /* Build configuration list for PBXNativeTarget "testProject" */;
			buildPhases = (
				8DC997F51B6388BF0058C829 /* Sources */,
				8DC997F61B6388BF0058C829 /* Frameworks */,
				8DC997F71B6388BF0058C829 /* Resources */,
			);
			buildRules = (
			);
			dependencies = (
			);
			name = testProject;
			productName = testProject;
			productReference = 8DC997F91B6388BF0058C829 /* testProject.app */;
			productType = "com.apple.product-type.application";
		};
		8DC9980D1B6388BF0058C829 /* testProjectTests */ = {
			isa = PBXNativeTarget;
			buildConfigurationList = 8DC9981B1B6388BF0058C829 /* Build configuration list for PBXNativeTarget "testProjectTests" */;
			buildPhases = (
				8DC9980A1B6388BF0058C829 /* Sources */,
				8DC9980B1B6388BF0058C829 /* Frameworks */,
				8DC9980C1B6388BF0058C829 /* Resources */,
			);
			buildRules = (
			);
			dependencies = (
				8DC998101B6388BF0058C829 /* PBXTargetDependency */,
			);
			name = testProjectTests;
			productName = testProjectTests;
			productReference = 8DC9980E1B6388BF0058C829 /* testProjectTests.xctest */;
			productType = "com.apple.product-type.bundle.unit-test";
		};
/* End PBXNativeTarget section */

/* Begin PBXProject section */
		8DC997F11B6388BF0058C829 /* Project object */ = {
			isa = PBXProject;
			attributes = {
				LastUpgradeCheck = 0640;
				ORGANIZATIONNAME = kCode;
				TargetAttributes = {
					8DC997F81B6388BF0058C829 = {
						CreatedOnToolsVersion = 6.4;
					};
					8DC9980D1B6388BF0058C829 = {
						CreatedOnToolsVersion = 6.4;
						TestTargetID = 8DC997F81B6388BF0058C829;
					};
				};
			};
			buildConfigurationList = 8DC997F41B6388BF0058C829 /* Build configuration list for PBXProject "testProject" */;
			compatibilityVersion = "Xcode 3.2";
			developmentRegion = English;
			hasScannedForEncodings = 0;
			knownRegions = (
				en,
				Base,
			);
			mainGroup = 8DC997F01B6388BF0058C829;
			productRefGroup = 8DC997FA1B6388BF0058C829 /* Products */;
			projectDirPath = "";
			projectRoot = "";
			targets = (
				8DC997F81B6388BF0058C829 /* testProject */,
				8DC9980D1B6388BF0058C829 /* testProjectTests */,
			);
		};
/* End PBXProject section */

/* Begin PBXResourcesBuildPhase section */
		8DC997F71B6388BF0058C829 /* Resources */ = {
			isa = PBXResourcesBuildPhase;
			buildActionMask = 2147483647;
			files = (
				8DC998041B6388BF0058C829 /* Main.storyboard in Resources */,
				8DC998091B6388BF0058C829 /* LaunchScreen.xib in Resources */,
				8DC998061B6388BF0058C829 /* Images.xcassets in Resources */,
			);
			runOnlyForDeploymentPostprocessing = 0;
		};
		8DC9980C1B6388BF0058C829 /* Resources */ = {
			isa = PBXResourcesBuildPhase;
			buildActionMask = 2147483647;
			files = (
			);
			runOnlyForDeploymentPostprocessing = 0;
		};
/* End PBXResourcesBuildPhase section */

/* Begin PBXSourcesBuildPhase section */
		8DC997F51B6388BF0058C829 /* Sources */ = {
			isa = PBXSourcesBuildPhase;
			buildActionMask = 2147483647;
			files = (
				8DC998011B6388BF0058C829 /* ViewController.swift in Sources */,
				8DC997FF1B6388BF0058C829 /* AppDelegate.swift in Sources */,
				8D91A6311B69E77800728A95 /* ViewController2.swift in Sources */,
			);
			runOnlyForDeploymentPostprocessing = 0;
		};
		8DC9980A1B6388BF0058C829 /* Sources */ = {
			isa = PBXSourcesBuildPhase;
			buildActionMask = 2147483647;
			files = (
				8DC998151B6388BF0058C829 /* testProjectTests.swift in Sources */,
			);
			runOnlyForDeploymentPostprocessing = 0;
		};
/* End PBXSourcesBuildPhase section */

/* Begin PBXTargetDependency section */
		8DC998101B6388BF0058C829 /* PBXTargetDependency */ = {
			isa = PBXTargetDependency;
			target = 8DC997F81B6388BF0058C829 /* testProject */;
			targetProxy = 8DC9980F1B6388BF0058C829 /* PBXContainerItemProxy */;
		};
/* End PBXTargetDependency section */

/* Begin PBXVariantGroup section */
		8DC998021B6388BF0058C829 /* Main.storyboard */ = {
			isa = PBXVariantGroup;
			children = (
				8DC998031B6388BF0058C829 /* Base */,
			);
			name = Main.storyboard;
			sourceTree = "<group>";
		};
		8DC998071B6388BF0058C829 /* LaunchScreen.xib */ = {
			isa = PBXVariantGroup;
			children = (
				8DC998081B6388BF0058C829 /* Base */,
			);
			name = LaunchScreen.xib;
			sourceTree = "<group>";
		};
/* End PBXVariantGroup section */

/* Begin XCBuildConfiguration section */
		8DC998161B6388BF0058C829 /* Debug */ = {
			isa = XCBuildConfiguration;
			buildSettings = {
				ALWAYS_SEARCH_USER_PATHS = NO;
				CLANG_CXX_LANGUAGE_STANDARD = "gnu++0x";
				CLANG_CXX_LIBRARY = "libc++";
				CLANG_ENABLE_MODULES = YES;
				CLANG_ENABLE_OBJC_ARC = YES;
				CLANG_WARN_BOOL_CONVERSION = YES;
				CLANG_WARN_CONSTANT_CONVERSION = YES;
				CLANG_WARN_DIRECT_OBJC_ISA_USAGE = YES_ERROR;
				CLANG_WARN_EMPTY_BODY = YES;
				CLANG_WARN_ENUM_CONVERSION = YES;
				CLANG_WARN_INT_CONVERSION = YES;
				CLANG_WARN_OBJC_ROOT_CLASS = YES_ERROR;
				CLANG_WARN_UNREACHABLE_CODE = YES;
				CLANG_WARN__DUPLICATE_METHOD_MATCH = YES;
				"CODE_SIGN_IDENTITY[sdk=iphoneos*]" = "iPhone Developer";
				COPY_PHASE_STRIP = NO;
				DEBUG_INFORMATION_FORMAT = "dwarf-with-dsym";
				ENABLE_STRICT_OBJC_MSGSEND = YES;
				GCC_C_LANGUAGE_STANDARD = gnu99;
				GCC_DYNAMIC_NO_PIC = NO;
				GCC_NO_COMMON_BLOCKS = YES;
				GCC_OPTIMIZATION_LEVEL = 0;
				GCC_PREPROCESSOR_DEFINITIONS = (
					"DEBUG=1",
					"$(inherited)",
				);
				GCC_SYMBOLS_PRIVATE_EXTERN = NO;
				GCC_WARN_64_TO_32_BIT_CONVERSION = YES;
				GCC_WARN_ABOUT_RETURN_TYPE = YES_ERROR;
				GCC_WARN_UNDECLARED_SELECTOR = YES;
				GCC_WARN_UNINITIALIZED_AUTOS = YES_AGGRESSIVE;
				GCC_WARN_UNUSED_FUNCTION = YES;
				GCC_WARN_UNUSED_VARIABLE = YES;
				IPHONEOS_DEPLOYMENT_TARGET = 8.4;
				MTL_ENABLE_DEBUG_INFO = YES;
				ONLY_ACTIVE_ARCH = YES;
				SDKROOT = iphoneos;
				SWIFT_OPTIMIZATION_LEVEL = "-Onone";
				TARGETED_DEVICE_FAMILY = "1,2";
			};
			name = Debug;
		};
		8DC998171B6388BF0058C829 /* Release */ = {
			isa = XCBuildConfiguration;
			buildSettings = {
				ALWAYS_SEARCH_USER_PATHS = NO;
				CLANG_CXX_LANGUAGE_STANDARD = "gnu++0x";
				CLANG_CXX_LIBRARY = "libc++";
				CLANG_ENABLE_MODULES = YES;
				CLANG_ENABLE_OBJC_ARC = YES;
				CLANG_WARN_BOOL_CONVERSION = YES;
				CLANG_WARN_CONSTANT_CONVERSION = YES;
				CLANG_WARN_DIRECT_OBJC_ISA_USAGE = YES_ERROR;
				CLANG_WARN_EMPTY_BODY = YES;
				CLANG_WARN_ENUM_CONVERSION = YES;
				CLANG_WARN_INT_CONVERSION = YES;
				CLANG_WARN_OBJC_ROOT_CLASS = YES_ERROR;
				CLANG_WARN_UNREACHABLE_CODE = YES;
				CLANG_WARN__DUPLICATE_METHOD_MATCH = YES;
				"CODE_SIGN_IDENTITY[sdk=iphoneos*]" = "iPhone Developer";
				COPY_PHASE_STRIP = NO;
				DEBUG_INFORMATION_FORMAT = "dwarf-with-dsym";
				ENABLE_NS_ASSERTIONS = NO;
				ENABLE_STRICT_OBJC_MSGSEND = YES;
				GCC_C_LANGUAGE_STANDARD = gnu99;
				GCC_NO_COMMON_BLOCKS = YES;
				GCC_WARN_64_TO_32_BIT_CONVERSION = YES;
				GCC_WARN_ABOUT_RETURN_TYPE = YES_ERROR;
				GCC_WARN_UNDECLARED_SELECTOR = YES;
				GCC_WARN_UNINITIALIZED_AUTOS = YES_AGGRESSIVE;
				GCC_WARN_UNUSED_FUNCTION = YES;
				GCC_WARN_UNUSED_VARIABLE = YES;
				IPHONEOS_DEPLOYMENT_TARGET = 8.4;
				MTL_ENABLE_DEBUG_INFO = NO;
				SDKROOT = iphoneos;
				TARGETED_DEVICE_FAMILY = "1,2";
				VALIDATE_PRODUCT = YES;
			};
			name = Release;
		};
		8DC998191B6388BF0058C829 /* Debug */ = {
			isa = XCBuildConfiguration;
			buildSettings = {
				ASSETCATALOG_COMPILER_APPICON_NAME = AppIcon;
				INFOPLIST_FILE = testProject/Info.plist;
				LD_RUNPATH_SEARCH_PATHS = "$(inherited) @executable_path/Frameworks";
				PRODUCT_NAME = "$(TARGET_NAME)";
			};
			name = Debug;
		};
		8DC9981A1B6388BF0058C829 /* Release */ = {
			isa = XCBuildConfiguration;
			buildSettings = {
				ASSETCATALOG_COMPILER_APPICON_NAME = AppIcon;
				INFOPLIST_FILE = testProject/Info.plist;
				LD_RUNPATH_SEARCH_PATHS = "$(inherited) @executable_path/Frameworks";
				PRODUCT_NAME = "$(TARGET_NAME)";
			};
			name = Release;
		};
		8DC9981C1B6388BF0058C829 /* Debug */ = {
			isa = XCBuildConfiguration;
			buildSettings = {
				BUNDLE_LOADER = "$(TEST_HOST)";
				FRAMEWORK_SEARCH_PATHS = (
					"$(SDKROOT)/Developer/Library/Frameworks",
					"$(inherited)",
				);
				GCC_PREPROCESSOR_DEFINITIONS = (
					"DEBUG=1",
					"$(inherited)",
				);
				INFOPLIST_FILE = testProjectTests/Info.plist;
				LD_RUNPATH_SEARCH_PATHS = "$(inherited) @executable_path/Frameworks @loader_path/Frameworks";
				PRODUCT_NAME = "$(TARGET_NAME)";
				TEST_HOST = "$(BUILT_PRODUCTS_DIR)/testProject.app/testProject";
			};
			name = Debug;
		};
		8DC9981D1B6388BF0058C829 /* Release */ = {
			isa = XCBuildConfiguration;
			buildSettings = {
				BUNDLE_LOADER = "$(TEST_HOST)";
				FRAMEWORK_SEARCH_PATHS = (
					"$(SDKROOT)/Developer/Library/Frameworks",
					"$(inherited)",
				);
				INFOPLIST_FILE = testProjectTests/Info.plist;
				LD_RUNPATH_SEARCH_PATHS = "$(inherited) @executable_path/Frameworks @loader_path/Frameworks";
				PRODUCT_NAME = "$(TARGET_NAME)";
				TEST_HOST = "$(BUILT_PRODUCTS_DIR)/testProject.app/testProject";
			};
			name = Release;
		};
/* End XCBuildConfiguration section */

/* Begin XCConfigurationList section */
		8DC997F41B6388BF0058C829 /* Build configuration list for PBXProject "testProject" */ = {
			isa = XCConfigurationList;
			buildConfigurations = (
				8DC998161B6388BF0058C829 /* Debug */,
				8DC998171B6388BF0058C829 /* Release */,
			);
			defaultConfigurationIsVisible = 0;
			defaultConfigurationName = Release;
		};
		8DC998181B6388BF0058C829 /* Build configuration list for PBXNativeTarget "testProject" */ = {
			isa = XCConfigurationList;
			buildConfigurations = (
				8DC998191B6388BF0058C829 /* Debug */,
				8DC9981A1B6388BF0058C829 /* Release */,
			);
			defaultConfigurationIsVisible = 0;
			defaultConfigurationName = Release;
		};
		8DC9981B1B6388BF0058C829 /* Build configuration list for PBXNativeTarget "testProjectTests" */ = {
			isa = XCConfigurationList;
			buildConfigurations = (
				8DC9981C1B6388BF0058C829 /* Debug */,
				8DC9981D1B6388BF0058C829 /* Release */,
			);
			defaultConfigurationIsVisible = 0;
			defaultConfigurationName = Release;
		};
/* End XCConfigurationList section */
	};
	rootObject = 8DC997F11B6388BF0058C829 /* Project object */;
}
